
Microsoft Visual Studio Solution File, Format Version 12.00
Project("{FAE04EC0-301F-11D3-BF4B-00C04F79EFBC}") = "BlazorDevIta.Client", "BlazorDevIta.Client\BlazorDevIta.Client.csproj", "{0132561E-6AF1-4DAF-85F5-95CE7626D61C}"
EndProject
Global
	GlobalSection(SolutionConfigurationPlatforms) = preSolution
		Debug|Any CPU = Debug|Any CPU
		Release|Any CPU = Release|Any CPU
	EndGlobalSection
	GlobalSection(ProjectConfigurationPlatforms) = postSolution
		{0132561E-6AF1-4DAF-85F5-95CE7626D61C}.Debug|Any CPU.ActiveCfg = Debug|Any CPU
		{0132561E-6AF1-4DAF-85F5-95CE7626D61C}.Debug|Any CPU.Build.0 = Debug|Any CPU
		{0132561E-6AF1-4DAF-85F5-95CE7626D61C}.Release|Any CPU.ActiveCfg = Release|Any CPU
		{0132561E-6AF1-4DAF-85F5-95CE7626D61C}.Release|Any CPU.Build.0 = Release|Any CPU
	EndGlobalSection
EndGlobal
